
Microsoft Visual Studio Solution File, Format Version 12.00
# Visual Studio Version 16
VisualStudioVersion = 16.0.29424.173
MinimumVisualStudioVersion = 10.0.40219.1
Project("{FAE04EC0-301F-11D3-BF4B-00C04F79EFBC}") = "GrannysGardenGame", "GrannysGardenGame\GrannysGardenGame.csproj", "{8F596ABA-0014-4A33-9F91-AD76BF37D026}"
EndProject
Project("{FAE04EC0-301F-11D3-BF4B-00C04F79EFBC}") = "Tests", "Tests\Tests.csproj", "{B6ABDB6A-56ED-4777-B654-F9994CD83D9E}"
EndProject
Global
	GlobalSection(SolutionConfigurationPlatforms) = preSolution
		Debug|Any CPU = Debug|Any CPU
		Release|Any CPU = Release|Any CPU
	EndGlobalSection
	GlobalSection(ProjectConfigurationPlatforms) = postSolution
		{8F596ABA-0014-4A33-9F91-AD76BF37D026}.Debug|Any CPU.ActiveCfg = Debug|Any CPU
		{8F596ABA-0014-4A33-9F91-AD76BF37D026}.Debug|Any CPU.Build.0 = Debug|Any CPU
		{8F596ABA-0014-4A33-9F91-AD76BF37D026}.Release|Any CPU.ActiveCfg = Release|Any CPU
		{8F596ABA-0014-4A33-9F91-AD76BF37D026}.Release|Any CPU.Build.0 = Release|Any CPU
		{B6ABDB6A-56ED-4777-B654-F9994CD83D9E}.Debug|Any CPU.ActiveCfg = Debug|Any CPU
		{B6ABDB6A-56ED-4777-B654-F9994CD83D9E}.Debug|Any CPU.Build.0 = Debug|Any CPU
		{B6ABDB6A-56ED-4777-B654-F9994CD83D9E}.Release|Any CPU.ActiveCfg = Release|Any CPU
		{B6ABDB6A-56ED-4777-B654-F9994CD83D9E}.Release|Any CPU.Build.0 = Release|Any CPU
	EndGlobalSection
	GlobalSection(SolutionProperties) = preSolution
		HideSolutionNode = FALSE
	EndGlobalSection
	GlobalSection(ExtensibilityGlobals) = postSolution
		SolutionGuid = {154F025B-6DB6-4B13-9F68-F3618CD5EDF0}
	EndGlobalSection
EndGlobal
